// !$*UTF8*$!
{
	archiveVersion = 1;
	classes = {
	};
	objectVersion = 46;
	objects = {

/* Begin PBXBuildFile section */
		91B26022196B094200F277F1 /* chessView.swift in Sources */ = {isa = PBXBuildFile; fileRef = 91B26021196B094200F277F1 /* chessView.swift */; };
		91CA9F0A1963CBFA0071BFE2 /* AppDelegate.swift in Sources */ = {isa = PBXBuildFile; fileRef = 91CA9F091963CBFA0071BFE2 /* AppDelegate.swift */; };
		91CA9F0C1963CBFA0071BFE2 /* ViewController.swift in Sources */ = {isa = PBXBuildFile; fileRef = 91CA9F0B1963CBFA0071BFE2 /* ViewController.swift */; };
		91CA9F0F1963CBFA0071BFE2 /* Main.storyboard in Resources */ = {isa = PBXBuildFile; fileRef = 91CA9F0D1963CBFA0071BFE2 /* Main.storyboard */; };
		91CA9F111963CBFA0071BFE2 /* Images.xcassets in Resources */ = {isa = PBXBuildFile; fileRef = 91CA9F101963CBFA0071BFE2 /* Images.xcassets */; };
		91CA9F1D1963CBFA0071BFE2 /* swift2048Tests.swift in Sources */ = {isa = PBXBuildFile; fileRef = 91CA9F1C1963CBFA0071BFE2 /* swift2048Tests.swift */; };
		91CA9F2A1963CE260071BFE2 /* GameViewController.swift in Sources */ = {isa = PBXBuildFile; fileRef = 91CA9F291963CE260071BFE2 /* GameViewController.swift */; };
		91F14C2E196AC3B000E547AE /* GameModel.swift in Sources */ = {isa = PBXBuildFile; fileRef = 91F14C2D196AC3B000E547AE /* GameModel.swift */; };
/* End PBXBuildFile section */

/* Begin PBXContainerItemProxy section */
		91CA9F171963CBFA0071BFE2 /* PBXContainerItemProxy */ = {
			isa = PBXContainerItemProxy;
			containerPortal = 91CA9EFC1963CBFA0071BFE2 /* Project object */;
			proxyType = 1;
			remoteGlobalIDString = 91CA9F031963CBFA0071BFE2;
			remoteInfo = swift2048;
		};
/* End PBXContainerItemProxy section */

/* Begin PBXFileReference section */
		91B26021196B094200F277F1 /* chessView.swift */ = {isa = PBXFileReference; fileEncoding = 4; lastKnownFileType = sourcecode.swift; path = chessView.swift; sourceTree = "<group>"; };
		91CA9F041963CBFA0071BFE2 /* swift2048.app */ = {isa = PBXFileReference; explicitFileType = wrapper.application; includeInIndex = 0; path = swift2048.app; sourceTree = BUILT_PRODUCTS_DIR; };
		91CA9F081963CBFA0071BFE2 /* Info.plist */ = {isa = PBXFileReference; lastKnownFileType = text.plist.xml; path = Info.plist; sourceTree = "<group>"; };
		91CA9F091963CBFA0071BFE2 /* AppDelegate.swift */ = {isa = PBXFileReference; lastKnownFileType = sourcecode.swift; path = AppDelegate.swift; sourceTree = "<group>"; };
		91CA9F0B1963CBFA0071BFE2 /* ViewController.swift */ = {isa = PBXFileReference; lastKnownFileType = sourcecode.swift; path = ViewController.swift; sourceTree = "<group>"; };
		91CA9F0E1963CBFA0071BFE2 /* Base */ = {isa = PBXFileReference; lastKnownFileType = file.storyboard; name = Base; path = Base.lproj/Main.storyboard; sourceTree = "<group>"; };
		91CA9F101963CBFA0071BFE2 /* Images.xcassets */ = {isa = PBXFileReference; lastKnownFileType = folder.assetcatalog; path = Images.xcassets; sourceTree = "<group>"; };
		91CA9F161963CBFA0071BFE2 /* swift2048Tests.xctest */ = {isa = PBXFileReference; explicitFileType = wrapper.cfbundle; includeInIndex = 0; path = swift2048Tests.xctest; sourceTree = BUILT_PRODUCTS_DIR; };
		91CA9F1B1963CBFA0071BFE2 /* Info.plist */ = {isa = PBXFileReference; lastKnownFileType = text.plist.xml; path = Info.plist; sourceTree = "<group>"; };
		91CA9F1C1963CBFA0071BFE2 /* swift2048Tests.swift */ = {isa = PBXFileReference; lastKnownFileType = sourcecode.swift; path = swift2048Tests.swift; sourceTree = "<group>"; };
		91CA9F291963CE260071BFE2 /* GameViewController.swift */ = {isa = PBXFileReference; fileEncoding = 4; lastKnownFileType = sourcecode.swift; path = GameViewController.swift; sourceTree = "<group>"; };
		91F14C2D196AC3B000E547AE /* GameModel.swift */ = {isa = PBXFileReference; fileEncoding = 4; lastKnownFileType = sourcecode.swift; path = GameModel.swift; sourceTree = "<group>"; };
/* End PBXFileReference section */

/* Begin PBXFrameworksBuildPhase section */
		91CA9F011963CBFA0071BFE2 /* Frameworks */ = {
			isa = PBXFrameworksBuildPhase;
			buildActionMask = 2147483647;
			files = (
			);
			runOnlyForDeploymentPostprocessing = 0;
		};
		91CA9F131963CBFA0071BFE2 /* Frameworks */ = {
			isa = PBXFrameworksBuildPhase;
			buildActionMask = 2147483647;
			files = (
			);
			runOnlyForDeploymentPostprocessing = 0;
		};
/* End PBXFrameworksBuildPhase section */

/* Begin PBXGroup section */
		91B26020196B094200F277F1 /* view */ = {
			isa = PBXGroup;
			children = (
				91B26021196B094200F277F1 /* chessView.swift */,
			);
			name = view;
			path = swift2048/view;
			sourceTree = "<group>";
		};
		91CA9EFB1963CBFA0071BFE2 = {
			isa = PBXGroup;
			children = (
				91B26020196B094200F277F1 /* view */,
				91CA9F261963CDB40071BFE2 /* model */,
				91CA9F281963CDBD0071BFE2 /* controller */,
				91CA9F061963CBFA0071BFE2 /* swift2048 */,
				91CA9F191963CBFA0071BFE2 /* swift2048Tests */,
				91CA9F051963CBFA0071BFE2 /* Products */,
			);
			sourceTree = "<group>";
		};
		91CA9F051963CBFA0071BFE2 /* Products */ = {
			isa = PBXGroup;
			children = (
				91CA9F041963CBFA0071BFE2 /* swift2048.app */,
				91CA9F161963CBFA0071BFE2 /* swift2048Tests.xctest */,
			);
			name = Products;
			sourceTree = "<group>";
		};
		91CA9F061963CBFA0071BFE2 /* swift2048 */ = {
			isa = PBXGroup;
			children = (
				91CA9F091963CBFA0071BFE2 /* AppDelegate.swift */,
				91CA9F0B1963CBFA0071BFE2 /* ViewController.swift */,
				91CA9F0D1963CBFA0071BFE2 /* Main.storyboard */,
				91CA9F101963CBFA0071BFE2 /* Images.xcassets */,
				91CA9F071963CBFA0071BFE2 /* Supporting Files */,
			);
			path = swift2048;
			sourceTree = "<group>";
		};
		91CA9F071963CBFA0071BFE2 /* Supporting Files */ = {
			isa = PBXGroup;
			children = (
				91CA9F081963CBFA0071BFE2 /* Info.plist */,
			);
			name = "Supporting Files";
			sourceTree = "<group>";
		};
		91CA9F191963CBFA0071BFE2 /* swift2048Tests */ = {
			isa = PBXGroup;
			children = (
				91CA9F1C1963CBFA0071BFE2 /* swift2048Tests.swift */,
				91CA9F1A1963CBFA0071BFE2 /* Supporting Files */,
			);
			path = swift2048Tests;
			sourceTree = "<group>";
		};
		91CA9F1A1963CBFA0071BFE2 /* Supporting Files */ = {
			isa = PBXGroup;
			children = (
				91CA9F1B1963CBFA0071BFE2 /* Info.plist */,
			);
			name = "Supporting Files";
			sourceTree = "<group>";
		};
		91CA9F261963CDB40071BFE2 /* model */ = {
			isa = PBXGroup;
			children = (
				91F14C2D196AC3B000E547AE /* GameModel.swift */,
			);
			name = model;
			path = swift2048/model;
			sourceTree = "<group>";
		};
		91CA9F281963CDBD0071BFE2 /* controller */ = {
			isa = PBXGroup;
			children = (
				91CA9F291963CE260071BFE2 /* GameViewController.swift */,
			);
			name = controller;
			path = swift2048/controller;
			sourceTree = "<group>";
		};
/* End PBXGroup section */

/* Begin PBXNativeTarget section */
		91CA9F031963CBFA0071BFE2 /* swift2048 */ = {
			isa = PBXNativeTarget;
			buildConfigurationList = 91CA9F201963CBFA0071BFE2 /* Build configuration list for PBXNativeTarget "swift2048" */;
			buildPhases = (
				91CA9F001963CBFA0071BFE2 /* Sources */,
				91CA9F011963CBFA0071BFE2 /* Frameworks */,
				91CA9F021963CBFA0071BFE2 /* Resources */,
			);
			buildRules = (
			);
			dependencies = (
			);
			name = swift2048;
			productName = swift2048;
			productReference = 91CA9F041963CBFA0071BFE2 /* swift2048.app */;
			productType = "com.apple.product-type.application";
		};
		91CA9F151963CBFA0071BFE2 /* swift2048Tests */ = {
			isa = PBXNativeTarget;
			buildConfigurationList = 91CA9F231963CBFA0071BFE2 /* Build configuration list for PBXNativeTarget "swift2048Tests" */;
			buildPhases = (
				91CA9F121963CBFA0071BFE2 /* Sources */,
				91CA9F131963CBFA0071BFE2 /* Frameworks */,
				91CA9F141963CBFA0071BFE2 /* Resources */,
			);
			buildRules = (
			);
			dependencies = (
				91CA9F181963CBFA0071BFE2 /* PBXTargetDependency */,
			);
			name = swift2048Tests;
			productName = swift2048Tests;
			productReference = 91CA9F161963CBFA0071BFE2 /* swift2048Tests.xctest */;
			productType = "com.apple.product-type.bundle.unit-test";
		};
/* End PBXNativeTarget section */

/* Begin PBXProject section */
		91CA9EFC1963CBFA0071BFE2 /* Project object */ = {
			isa = PBXProject;
			attributes = {
				LastUpgradeCheck = 0600;
				ORGANIZATIONNAME = IOSAvenger;
				TargetAttributes = {
					91CA9F031963CBFA0071BFE2 = {
						CreatedOnToolsVersion = 6.0;
					};
					91CA9F151963CBFA0071BFE2 = {
						CreatedOnToolsVersion = 6.0;
						TestTargetID = 91CA9F031963CBFA0071BFE2;
					};
				};
			};
			buildConfigurationList = 91CA9EFF1963CBFA0071BFE2 /* Build configuration list for PBXProject "swift2048" */;
			compatibilityVersion = "Xcode 3.2";
			developmentRegion = English;
			hasScannedForEncodings = 0;
			knownRegions = (
				en,
				Base,
			);
			mainGroup = 91CA9EFB1963CBFA0071BFE2;
			productRefGroup = 91CA9F051963CBFA0071BFE2 /* Products */;
			projectDirPath = "";
			projectRoot = "";
			targets = (
				91CA9F031963CBFA0071BFE2 /* swift2048 */,
				91CA9F151963CBFA0071BFE2 /* swift2048Tests */,
			);
		};
/* End PBXProject section */

/* Begin PBXResourcesBuildPhase section */
		91CA9F021963CBFA0071BFE2 /* Resources */ = {
			isa = PBXResourcesBuildPhase;
			buildActionMask = 2147483647;
			files = (
				91CA9F0F1963CBFA0071BFE2 /* Main.storyboard in Resources */,
				91CA9F111963CBFA0071BFE2 /* Images.xcassets in Resources */,
			);
			runOnlyForDeploymentPostprocessing = 0;
		};
		91CA9F141963CBFA0071BFE2 /* Resources */ = {
			isa = PBXResourcesBuildPhase;
			buildActionMask = 2147483647;
			files = (
			);
			runOnlyForDeploymentPostprocessing = 0;
		};
/* End PBXResourcesBuildPhase section */

/* Begin PBXSourcesBuildPhase section */
		91CA9F001963CBFA0071BFE2 /* Sources */ = {
			isa = PBXSourcesBuildPhase;
			buildActionMask = 2147483647;
			files = (
				91CA9F0C1963CBFA0071BFE2 /* ViewController.swift in Sources */,
				91F14C2E196AC3B000E547AE /* GameModel.swift in Sources */,
				91CA9F2A1963CE260071BFE2 /* GameViewController.swift in Sources */,
				91CA9F0A1963CBFA0071BFE2 /* AppDelegate.swift in Sources */,
				91B26022196B094200F277F1 /* chessView.swift in Sources */,
			);
			runOnlyForDeploymentPostprocessing = 0;
		};
		91CA9F121963CBFA0071BFE2 /* Sources */ = {
			isa = PBXSourcesBuildPhase;
			buildActionMask = 2147483647;
			files = (
				91CA9F1D1963CBFA0071BFE2 /* swift2048Tests.swift in Sources */,
			);
			runOnlyForDeploymentPostprocessing = 0;
		};
/* End PBXSourcesBuildPhase section */

/* Begin PBXTargetDependency section */
		91CA9F181963CBFA0071BFE2 /* PBXTargetDependency */ = {
			isa = PBXTargetDependency;
			target = 91CA9F031963CBFA0071BFE2 /* swift2048 */;
			targetProxy = 91CA9F171963CBFA0071BFE2 /* PBXContainerItemProxy */;
		};
/* End PBXTargetDependency section */

/* Begin PBXVariantGroup section */
		91CA9F0D1963CBFA0071BFE2 /* Main.storyboard */ = {
			isa = PBXVariantGroup;
			children = (
				91CA9F0E1963CBFA0071BFE2 /* Base */,
			);
			name = Main.storyboard;
			sourceTree = "<group>";
		};
/* End PBXVariantGroup section */

/* Begin XCBuildConfiguration section */
		91CA9F1E1963CBFA0071BFE2 /* Debug */ = {
			isa = XCBuildConfiguration;
			buildSettings = {
				ALWAYS_SEARCH_USER_PATHS = NO;
				CLANG_CXX_LANGUAGE_STANDARD = "gnu++0x";
				CLANG_CXX_LIBRARY = "libc++";
				CLANG_ENABLE_MODULES = YES;
				CLANG_ENABLE_OBJC_ARC = YES;
				CLANG_WARN_BOOL_CONVERSION = YES;
				CLANG_WARN_CONSTANT_CONVERSION = YES;
				CLANG_WARN_DIRECT_OBJC_ISA_USAGE = YES_ERROR;
				CLANG_WARN_EMPTY_BODY = YES;
				CLANG_WARN_ENUM_CONVERSION = YES;
				CLANG_WARN_INT_CONVERSION = YES;
				CLANG_WARN_OBJC_ROOT_CLASS = YES_ERROR;
				CLANG_WARN_UNREACHABLE_CODE = YES;
				CLANG_WARN__DUPLICATE_METHOD_MATCH = YES;
				"CODE_SIGN_IDENTITY[sdk=iphoneos*]" = "iPhone Developer";
				COPY_PHASE_STRIP = NO;
				ENABLE_STRICT_OBJC_MSGSEND = YES;
				GCC_C_LANGUAGE_STANDARD = gnu99;
				GCC_DYNAMIC_NO_PIC = NO;
				GCC_OPTIMIZATION_LEVEL = 0;
				GCC_PREPROCESSOR_DEFINITIONS = (
					"DEBUG=1",
					"$(inherited)",
				);
				GCC_SYMBOLS_PRIVATE_EXTERN = NO;
				GCC_WARN_64_TO_32_BIT_CONVERSION = YES;
				GCC_WARN_ABOUT_RETURN_TYPE = YES_ERROR;
				GCC_WARN_UNDECLARED_SELECTOR = YES;
				GCC_WARN_UNINITIALIZED_AUTOS = YES_AGGRESSIVE;
				GCC_WARN_UNUSED_FUNCTION = YES;
				GCC_WARN_UNUSED_VARIABLE = YES;
				IPHONEOS_DEPLOYMENT_TARGET = 8.0;
				METAL_ENABLE_DEBUG_INFO = YES;
				ONLY_ACTIVE_ARCH = YES;
				SDKROOT = iphoneos;
				SWIFT_OPTIMIZATION_LEVEL = "-Onone";
			};
			name = Debug;
		};
		91CA9F1F1963CBFA0071BFE2 /* Release */ = {
			isa = XCBuildConfiguration;
			buildSettings = {
				ALWAYS_SEARCH_USER_PATHS = NO;
				CLANG_CXX_LANGUAGE_STANDARD = "gnu++0x";
				CLANG_CXX_LIBRARY = "libc++";
				CLANG_ENABLE_MODULES = YES;
				CLANG_ENABLE_OBJC_ARC = YES;
				CLANG_WARN_BOOL_CONVERSION = YES;
				CLANG_WARN_CONSTANT_CONVERSION = YES;
				CLANG_WARN_DIRECT_OBJC_ISA_USAGE = YES_ERROR;
				CLANG_WARN_EMPTY_BODY = YES;
				CLANG_WARN_ENUM_CONVERSION = YES;
				CLANG_WARN_INT_CONVERSION = YES;
				CLANG_WARN_OBJC_ROOT_CLASS = YES_ERROR;
				CLANG_WARN_UNREACHABLE_CODE = YES;
				CLANG_WARN__DUPLICATE_METHOD_MATCH = YES;
				"CODE_SIGN_IDENTITY[sdk=iphoneos*]" = "iPhone Developer";
				COPY_PHASE_STRIP = YES;
				ENABLE_NS_ASSERTIONS = NO;
				ENABLE_STRICT_OBJC_MSGSEND = YES;
				GCC_C_LANGUAGE_STANDARD = gnu99;
				GCC_WARN_64_TO_32_BIT_CONVERSION = YES;
				GCC_WARN_ABOUT_RETURN_TYPE = YES_ERROR;
				GCC_WARN_UNDECLARED_SELECTOR = YES;
				GCC_WARN_UNINITIALIZED_AUTOS = YES_AGGRESSIVE;
				GCC_WARN_UNUSED_FUNCTION = YES;
				GCC_WARN_UNUSED_VARIABLE = YES;
				IPHONEOS_DEPLOYMENT_TARGET = 8.0;
				METAL_ENABLE_DEBUG_INFO = NO;
				SDKROOT = iphoneos;
				VALIDATE_PRODUCT = YES;
			};
			name = Release;
		};
		91CA9F211963CBFA0071BFE2 /* Debug */ = {
			isa = XCBuildConfiguration;
			buildSettings = {
				ASSETCATALOG_COMPILER_APPICON_NAME = AppIcon;
				ASSETCATALOG_COMPILER_LAUNCHIMAGE_NAME = LaunchImage;
				INFOPLIST_FILE = swift2048/Info.plist;
				LD_RUNPATH_SEARCH_PATHS = "$(inherited) @executable_path/Frameworks";
				PRODUCT_NAME = "$(TARGET_NAME)";
			};
			name = Debug;
		};
		91CA9F221963CBFA0071BFE2 /* Release */ = {
			isa = XCBuildConfiguration;
			buildSettings = {
				ASSETCATALOG_COMPILER_APPICON_NAME = AppIcon;
				ASSETCATALOG_COMPILER_LAUNCHIMAGE_NAME = LaunchImage;
				INFOPLIST_FILE = swift2048/Info.plist;
				LD_RUNPATH_SEARCH_PATHS = "$(inherited) @executable_path/Frameworks";
				PRODUCT_NAME = "$(TARGET_NAME)";
			};
			name = Release;
		};
		91CA9F241963CBFA0071BFE2 /* Debug */ = {
			isa = XCBuildConfiguration;
			buildSettings = {
				BUNDLE_LOADER = "$(BUILT_PRODUCTS_DIR)/swift2048.app/swift2048";
				FRAMEWORK_SEARCH_PATHS = (
					"$(SDKROOT)/Developer/Library/Frameworks",
					"$(inherited)",
				);
				GCC_PREPROCESSOR_DEFINITIONS = (
					"DEBUG=1",
					"$(inherited)",
				);
				INFOPLIST_FILE = swift2048Tests/Info.plist;
				LD_RUNPATH_SEARCH_PATHS = "$(inherited) @executable_path/Frameworks @loader_path/Frameworks";
				METAL_ENABLE_DEBUG_INFO = YES;
				PRODUCT_NAME = "$(TARGET_NAME)";
				TEST_HOST = "$(BUNDLE_LOADER)";
			};
			name = Debug;
		};
		91CA9F251963CBFA0071BFE2 /* Release */ = {
			isa = XCBuildConfiguration;
			buildSettings = {
				BUNDLE_LOADER = "$(BUILT_PRODUCTS_DIR)/swift2048.app/swift2048";
				FRAMEWORK_SEARCH_PATHS = (
					"$(SDKROOT)/Developer/Library/Frameworks",
					"$(inherited)",
				);
				INFOPLIST_FILE = swift2048Tests/Info.plist;
				LD_RUNPATH_SEARCH_PATHS = "$(inherited) @executable_path/Frameworks @loader_path/Frameworks";
				METAL_ENABLE_DEBUG_INFO = NO;
				PRODUCT_NAME = "$(TARGET_NAME)";
				TEST_HOST = "$(BUNDLE_LOADER)";
			};
			name = Release;
		};
/* End XCBuildConfiguration section */

/* Begin XCConfigurationList section */
		91CA9EFF1963CBFA0071BFE2 /* Build configuration list for PBXProject "swift2048" */ = {
			isa = XCConfigurationList;
			buildConfigurations = (
				91CA9F1E1963CBFA0071BFE2 /* Debug */,
				91CA9F1F1963CBFA0071BFE2 /* Release */,
			);
			defaultConfigurationIsVisible = 0;
			defaultConfigurationName = Release;
		};
		91CA9F201963CBFA0071BFE2 /* Build configuration list for PBXNativeTarget "swift2048" */ = {
			isa = XCConfigurationList;
			buildConfigurations = (
				91CA9F211963CBFA0071BFE2 /* Debug */,
				91CA9F221963CBFA0071BFE2 /* Release */,
			);
			defaultConfigurationIsVisible = 0;
			defaultConfigurationName = Release;
		};
		91CA9F231963CBFA0071BFE2 /* Build configuration list for PBXNativeTarget "swift2048Tests" */ = {
			isa = XCConfigurationList;
			buildConfigurations = (
				91CA9F241963CBFA0071BFE2 /* Debug */,
				91CA9F251963CBFA0071BFE2 /* Release */,
			);
			defaultConfigurationIsVisible = 0;
			defaultConfigurationName = Release;
		};
/* End XCConfigurationList section */
	};
	rootObject = 91CA9EFC1963CBFA0071BFE2 /* Project object */;
}
